
Microsoft Visual Studio Solution File, Format Version 12.00
# Visual Studio Version 16
VisualStudioVersion = 16.0.30225.117
MinimumVisualStudioVersion = 10.0.40219.1
Project("{FAE04EC0-301F-11D3-BF4B-00C04F79EFBC}") = "Mobile", "Mobile\Mobile.csproj", "{A9F52619-D2DA-4F90-81F1-FE607597206B}"
EndProject
Project("{FAE04EC0-301F-11D3-BF4B-00C04F79EFBC}") = "Mobile.Android", "Mobile.Android\Mobile.Android.csproj", "{5F6CDB3B-E5A7-4B11-8731-0BD9FFD12DD9}"
EndProject
Project("{FAE04EC0-301F-11D3-BF4B-00C04F79EFBC}") = "Mobile.iOS", "Mobile.iOS\Mobile.iOS.csproj", "{44F189C4-2FDF-4DDE-96C6-C2C55E5E1ECB}"
EndProject
Global
	GlobalSection(SolutionConfigurationPlatforms) = preSolution
		Ad-Hoc|Any CPU = Ad-Hoc|Any CPU
		Ad-Hoc|iPhone = Ad-Hoc|iPhone
		Ad-Hoc|iPhoneSimulator = Ad-Hoc|iPhoneSimulator
		AppStore|Any CPU = AppStore|Any CPU
		AppStore|iPhone = AppStore|iPhone
		AppStore|iPhoneSimulator = AppStore|iPhoneSimulator
		Debug|Any CPU = Debug|Any CPU
		Debug|iPhone = Debug|iPhone
		Debug|iPhoneSimulator = Debug|iPhoneSimulator
		Release|Any CPU = Release|Any CPU
		Release|iPhone = Release|iPhone
		Release|iPhoneSimulator = Release|iPhoneSimulator
	EndGlobalSection
	GlobalSection(ProjectConfigurationPlatforms) = postSolution
		{A9F52619-D2DA-4F90-81F1-FE607597206B}.Ad-Hoc|Any CPU.ActiveCfg = Debug|Any CPU
		{A9F52619-D2DA-4F90-81F1-FE607597206B}.Ad-Hoc|Any CPU.Build.0 = Debug|Any CPU
		{A9F52619-D2DA-4F90-81F1-FE607597206B}.Ad-Hoc|iPhone.ActiveCfg = Debug|Any CPU
		{A9F52619-D2DA-4F90-81F1-FE607597206B}.Ad-Hoc|iPhone.Build.0 = Debug|Any CPU
		{A9F52619-D2DA-4F90-81F1-FE607597206B}.Ad-Hoc|iPhoneSimulator.ActiveCfg = Debug|Any CPU
		{A9F52619-D2DA-4F90-81F1-FE607597206B}.Ad-Hoc|iPhoneSimulator.Build.0 = Debug|Any CPU
		{A9F52619-D2DA-4F90-81F1-FE607597206B}.AppStore|Any CPU.ActiveCfg = Debug|Any CPU
		{A9F52619-D2DA-4F90-81F1-FE607597206B}.AppStore|Any CPU.Build.0 = Debug|Any CPU
		{A9F52619-D2DA-4F90-81F1-FE607597206B}.AppStore|iPhone.ActiveCfg = Debug|Any CPU
		{A9F52619-D2DA-4F90-81F1-FE607597206B}.AppStore|iPhone.Build.0 = Debug|Any CPU
		{A9F52619-D2DA-4F90-81F1-FE607597206B}.AppStore|iPhoneSimulator.ActiveCfg = Debug|Any CPU
		{A9F52619-D2DA-4F90-81F1-FE607597206B}.AppStore|iPhoneSimulator.Build.0 = Debug|Any CPU
		{A9F52619-D2DA-4F90-81F1-FE607597206B}.Debug|Any CPU.ActiveCfg = Debug|Any CPU
		{A9F52619-D2DA-4F90-81F1-FE607597206B}.Debug|Any CPU.Build.0 = Debug|Any CPU
		{A9F52619-D2DA-4F90-81F1-FE607597206B}.Debug|iPhone.ActiveCfg = Debug|Any CPU
		{A9F52619-D2DA-4F90-81F1-FE607597206B}.Debug|iPhone.Build.0 = Debug|Any CPU
		{A9F52619-D2DA-4F90-81F1-FE607597206B}.Debug|iPhoneSimulator.ActiveCfg = Debug|Any CPU
		{A9F52619-D2DA-4F90-81F1-FE607597206B}.Debug|iPhoneSimulator.Build.0 = Debug|Any CPU
		{A9F52619-D2DA-4F90-81F1-FE607597206B}.Release|Any CPU.ActiveCfg = Release|Any CPU
		{A9F52619-D2DA-4F90-81F1-FE607597206B}.Release|Any CPU.Build.0 = Release|Any CPU
		{A9F52619-D2DA-4F90-81F1-FE607597206B}.Release|iPhone.ActiveCfg = Release|Any CPU
		{A9F52619-D2DA-4F90-81F1-FE607597206B}.Release|iPhone.Build.0 = Release|Any CPU
		{A9F52619-D2DA-4F90-81F1-FE607597206B}.Release|iPhoneSimulator.ActiveCfg = Release|Any CPU
		{A9F52619-D2DA-4F90-81F1-FE607597206B}.Release|iPhoneSimulator.Build.0 = Release|Any CPU
		{5F6CDB3B-E5A7-4B11-8731-0BD9FFD12DD9}.Ad-Hoc|Any CPU.ActiveCfg = Release|Any CPU
		{5F6CDB3B-E5A7-4B11-8731-0BD9FFD12DD9}.Ad-Hoc|Any CPU.Build.0 = Release|Any CPU
		{5F6CDB3B-E5A7-4B11-8731-0BD9FFD12DD9}.Ad-Hoc|Any CPU.Deploy.0 = Release|Any CPU
		{5F6CDB3B-E5A7-4B11-8731-0BD9FFD12DD9}.Ad-Hoc|iPhone.ActiveCfg = Release|Any CPU
		{5F6CDB3B-E5A7-4B11-8731-0BD9FFD12DD9}.Ad-Hoc|iPhone.Build.0 = Release|Any CPU
		{5F6CDB3B-E5A7-4B11-8731-0BD9FFD12DD9}.Ad-Hoc|iPhone.Deploy.0 = Release|Any CPU
		{5F6CDB3B-E5A7-4B11-8731-0BD9FFD12DD9}.Ad-Hoc|iPhoneSimulator.ActiveCfg = Release|Any CPU
		{5F6CDB3B-E5A7-4B11-8731-0BD9FFD12DD9}.Ad-Hoc|iPhoneSimulator.Build.0 = Release|Any CPU
		{5F6CDB3B-E5A7-4B11-8731-0BD9FFD12DD9}.Ad-Hoc|iPhoneSimulator.Deploy.0 = Release|Any CPU
		{5F6CDB3B-E5A7-4B11-8731-0BD9FFD12DD9}.AppStore|Any CPU.ActiveCfg = Release|Any CPU
		{5F6CDB3B-E5A7-4B11-8731-0BD9FFD12DD9}.AppStore|Any CPU.Build.0 = Release|Any CPU
		{5F6CDB3B-E5A7-4B11-8731-0BD9FFD12DD9}.AppStore|Any CPU.Deploy.0 = Release|Any CPU
		{5F6CDB3B-E5A7-4B11-8731-0BD9FFD12DD9}.AppStore|iPhone.ActiveCfg = Release|Any CPU
		{5F6CDB3B-E5A7-4B11-8731-0BD9FFD12DD9}.AppStore|iPhone.Build.0 = Release|Any CPU
		{5F6CDB3B-E5A7-4B11-8731-0BD9FFD12DD9}.AppStore|iPhone.Deploy.0 = Release|Any CPU
		{5F6CDB3B-E5A7-4B11-8731-0BD9FFD12DD9}.AppStore|iPhoneSimulator.ActiveCfg = Release|Any CPU
		{5F6CDB3B-E5A7-4B11-8731-0BD9FFD12DD9}.AppStore|iPhoneSimulator.Build.0 = Release|Any CPU
		{5F6CDB3B-E5A7-4B11-8731-0BD9FFD12DD9}.AppStore|iPhoneSimulator.Deploy.0 = Release|Any CPU
		{5F6CDB3B-E5A7-4B11-8731-0BD9FFD12DD9}.Debug|Any CPU.ActiveCfg = Debug|Any CPU
		{5F6CDB3B-E5A7-4B11-8731-0BD9FFD12DD9}.Debug|Any CPU.Build.0 = Debug|Any CPU
		{5F6CDB3B-E5A7-4B11-8731-0BD9FFD12DD9}.Debug|Any CPU.Deploy.0 = Debug|Any CPU
		{5F6CDB3B-E5A7-4B11-8731-0BD9FFD12DD9}.Debug|iPhone.ActiveCfg = Debug|Any CPU
		{5F6CDB3B-E5A7-4B11-8731-0BD9FFD12DD9}.Debug|iPhone.Build.0 = Debug|Any CPU
		{5F6CDB3B-E5A7-4B11-8731-0BD9FFD12DD9}.Debug|iPhone.Deploy.0 = Debug|Any CPU
		{5F6CDB3B-E5A7-4B11-8731-0BD9FFD12DD9}.Debug|iPhoneSimulator.ActiveCfg = Debug|Any CPU
		{5F6CDB3B-E5A7-4B11-8731-0BD9FFD12DD9}.Debug|iPhoneSimulator.Build.0 = Debug|Any CPU
		{5F6CDB3B-E5A7-4B11-8731-0BD9FFD12DD9}.Debug|iPhoneSimulator.Deploy.0 = Debug|Any CPU
		{5F6CDB3B-E5A7-4B11-8731-0BD9FFD12DD9}.Release|Any CPU.ActiveCfg = Release|Any CPU
		{5F6CDB3B-E5A7-4B11-8731-0BD9FFD12DD9}.Release|Any CPU.Build.0 = Release|Any CPU
		{5F6CDB3B-E5A7-4B11-8731-0BD9FFD12DD9}.Release|Any CPU.Deploy.0 = Release|Any CPU
		{5F6CDB3B-E5A7-4B11-8731-0BD9FFD12DD9}.Release|iPhone.ActiveCfg = Release|Any CPU
		{5F6CDB3B-E5A7-4B11-8731-0BD9FFD12DD9}.Release|iPhone.Build.0 = Release|Any CPU
		{5F6CDB3B-E5A7-4B11-8731-0BD9FFD12DD9}.Release|iPhone.Deploy.0 = Release|Any CPU
		{5F6CDB3B-E5A7-4B11-8731-0BD9FFD12DD9}.Release|iPhoneSimulator.ActiveCfg = Release|Any CPU
		{5F6CDB3B-E5A7-4B11-8731-0BD9FFD12DD9}.Release|iPhoneSimulator.Build.0 = Release|Any CPU
		{5F6CDB3B-E5A7-4B11-8731-0BD9FFD12DD9}.Release|iPhoneSimulator.Deploy.0 = Release|Any CPU
		{44F189C4-2FDF-4DDE-96C6-C2C55E5E1ECB}.Ad-Hoc|Any CPU.ActiveCfg = Ad-Hoc|iPhone
		{44F189C4-2FDF-4DDE-96C6-C2C55E5E1ECB}.Ad-Hoc|iPhone.ActiveCfg = Ad-Hoc|iPhone
		{44F189C4-2FDF-4DDE-96C6-C2C55E5E1ECB}.Ad-Hoc|iPhone.Build.0 = Ad-Hoc|iPhone
		{44F189C4-2FDF-4DDE-96C6-C2C55E5E1ECB}.Ad-Hoc|iPhoneSimulator.ActiveCfg = Ad-Hoc|iPhoneSimulator
		{44F189C4-2FDF-4DDE-96C6-C2C55E5E1ECB}.Ad-Hoc|iPhoneSimulator.Build.0 = Ad-Hoc|iPhoneSimulator
		{44F189C4-2FDF-4DDE-96C6-C2C55E5E1ECB}.AppStore|Any CPU.ActiveCfg = AppStore|iPhone
		{44F189C4-2FDF-4DDE-96C6-C2C55E5E1ECB}.AppStore|iPhone.ActiveCfg = AppStore|iPhone
		{44F189C4-2FDF-4DDE-96C6-C2C55E5E1ECB}.AppStore|iPhone.Build.0 = AppStore|iPhone
		{44F189C4-2FDF-4DDE-96C6-C2C55E5E1ECB}.AppStore|iPhoneSimulator.ActiveCfg = AppStore|iPhoneSimulator
		{44F189C4-2FDF-4DDE-96C6-C2C55E5E1ECB}.AppStore|iPhoneSimulator.Build.0 = AppStore|iPhoneSimulator
		{44F189C4-2FDF-4DDE-96C6-C2C55E5E1ECB}.Debug|Any CPU.ActiveCfg = Debug|iPhone
		{44F189C4-2FDF-4DDE-96C6-C2C55E5E1ECB}.Debug|iPhone.ActiveCfg = Debug|iPhone
		{44F189C4-2FDF-4DDE-96C6-C2C55E5E1ECB}.Debug|iPhone.Build.0 = Debug|iPhone
		{44F189C4-2FDF-4DDE-96C6-C2C55E5E1ECB}.Debug|iPhoneSimulator.ActiveCfg = Debug|iPhoneSimulator
		{44F189C4-2FDF-4DDE-96C6-C2C55E5E1ECB}.Debug|iPhoneSimulator.Build.0 = Debug|iPhoneSimulator
		{44F189C4-2FDF-4DDE-96C6-C2C55E5E1ECB}.Release|Any CPU.ActiveCfg = Release|iPhone
		{44F189C4-2FDF-4DDE-96C6-C2C55E5E1ECB}.Release|iPhone.ActiveCfg = Release|iPhone
		{44F189C4-2FDF-4DDE-96C6-C2C55E5E1ECB}.Release|iPhone.Build.0 = Release|iPhone
		{44F189C4-2FDF-4DDE-96C6-C2C55E5E1ECB}.Release|iPhoneSimulator.ActiveCfg = Release|iPhoneSimulator
		{44F189C4-2FDF-4DDE-96C6-C2C55E5E1ECB}.Release|iPhoneSimulator.Build.0 = Release|iPhoneSimulator
	EndGlobalSection
	GlobalSection(SolutionProperties) = preSolution
		HideSolutionNode = FALSE
	EndGlobalSection
	GlobalSection(ExtensibilityGlobals) = postSolution
		SolutionGuid = {3635B3C0-64A6-46C4-9607-566A93F2D56B}
	EndGlobalSection
EndGlobal
